
Microsoft Visual Studio Solution File, Format Version 12.00
# Visual Studio Version 17
VisualStudioVersion = 17.9.34723.18
MinimumVisualStudioVersion = 10.0.40219.1
Project("{FAE04EC0-301F-11D3-BF4B-00C04F79EFBC}") = "APIBaiTap2", "APIBaiTap2\APIBaiTap2.csproj", "{A541A8DD-CC38-4D91-A4AB-7EAE68477E9E}"
EndProject
Global
	GlobalSection(SolutionConfigurationPlatforms) = preSolution
		Debug|Any CPU = Debug|Any CPU
		Release|Any CPU = Release|Any CPU
	EndGlobalSection
	GlobalSection(ProjectConfigurationPlatforms) = postSolution
		{A541A8DD-CC38-4D91-A4AB-7EAE68477E9E}.Debug|Any CPU.ActiveCfg = Debug|Any CPU
		{A541A8DD-CC38-4D91-A4AB-7EAE68477E9E}.Debug|Any CPU.Build.0 = Debug|Any CPU
		{A541A8DD-CC38-4D91-A4AB-7EAE68477E9E}.Release|Any CPU.ActiveCfg = Release|Any CPU
		{A541A8DD-CC38-4D91-A4AB-7EAE68477E9E}.Release|Any CPU.Build.0 = Release|Any CPU
	EndGlobalSection
	GlobalSection(SolutionProperties) = preSolution
		HideSolutionNode = FALSE
	EndGlobalSection
	GlobalSection(ExtensibilityGlobals) = postSolution
		SolutionGuid = {1E0D9860-F104-42FB-8610-962D5B5594E4}
	EndGlobalSection
EndGlobal
